
Microsoft Visual Studio Solution File, Format Version 12.00
# Visual Studio 15
VisualStudioVersion = 15.0.26124.0
MinimumVisualStudioVersion = 15.0.26124.0
Project("{F2A71F9B-5D33-465A-A702-920D77279786}") = "AbstractDataTypes", "AbstractDataTypes\AbstractDataTypes.fsproj", "{3EB0063C-1FD4-492C-A85A-158924947F4C}"
EndProject
Project("{F2A71F9B-5D33-465A-A702-920D77279786}") = "AbstractDataTypes.Tests", "AbstractDataTypes.Tests\AbstractDataTypes.Tests.fsproj", "{44088508-4C86-41BE-BEAA-8D1A55356EDB}"
EndProject
Global
	GlobalSection(SolutionConfigurationPlatforms) = preSolution
		Debug|Any CPU = Debug|Any CPU
		Debug|x64 = Debug|x64
		Debug|x86 = Debug|x86
		Release|Any CPU = Release|Any CPU
		Release|x64 = Release|x64
		Release|x86 = Release|x86
	EndGlobalSection
	GlobalSection(SolutionProperties) = preSolution
		HideSolutionNode = FALSE
	EndGlobalSection
	GlobalSection(ProjectConfigurationPlatforms) = postSolution
		{3EB0063C-1FD4-492C-A85A-158924947F4C}.Debug|Any CPU.ActiveCfg = Debug|Any CPU
		{3EB0063C-1FD4-492C-A85A-158924947F4C}.Debug|Any CPU.Build.0 = Debug|Any CPU
		{3EB0063C-1FD4-492C-A85A-158924947F4C}.Debug|x64.ActiveCfg = Debug|x64
		{3EB0063C-1FD4-492C-A85A-158924947F4C}.Debug|x64.Build.0 = Debug|x64
		{3EB0063C-1FD4-492C-A85A-158924947F4C}.Debug|x86.ActiveCfg = Debug|x86
		{3EB0063C-1FD4-492C-A85A-158924947F4C}.Debug|x86.Build.0 = Debug|x86
		{3EB0063C-1FD4-492C-A85A-158924947F4C}.Release|Any CPU.ActiveCfg = Release|Any CPU
		{3EB0063C-1FD4-492C-A85A-158924947F4C}.Release|Any CPU.Build.0 = Release|Any CPU
		{3EB0063C-1FD4-492C-A85A-158924947F4C}.Release|x64.ActiveCfg = Release|x64
		{3EB0063C-1FD4-492C-A85A-158924947F4C}.Release|x64.Build.0 = Release|x64
		{3EB0063C-1FD4-492C-A85A-158924947F4C}.Release|x86.ActiveCfg = Release|x86
		{3EB0063C-1FD4-492C-A85A-158924947F4C}.Release|x86.Build.0 = Release|x86
		{44088508-4C86-41BE-BEAA-8D1A55356EDB}.Debug|Any CPU.ActiveCfg = Debug|Any CPU
		{44088508-4C86-41BE-BEAA-8D1A55356EDB}.Debug|Any CPU.Build.0 = Debug|Any CPU
		{44088508-4C86-41BE-BEAA-8D1A55356EDB}.Debug|x64.ActiveCfg = Debug|x64
		{44088508-4C86-41BE-BEAA-8D1A55356EDB}.Debug|x64.Build.0 = Debug|x64
		{44088508-4C86-41BE-BEAA-8D1A55356EDB}.Debug|x86.ActiveCfg = Debug|x86
		{44088508-4C86-41BE-BEAA-8D1A55356EDB}.Debug|x86.Build.0 = Debug|x86
		{44088508-4C86-41BE-BEAA-8D1A55356EDB}.Release|Any CPU.ActiveCfg = Release|Any CPU
		{44088508-4C86-41BE-BEAA-8D1A55356EDB}.Release|Any CPU.Build.0 = Release|Any CPU
		{44088508-4C86-41BE-BEAA-8D1A55356EDB}.Release|x64.ActiveCfg = Release|x64
		{44088508-4C86-41BE-BEAA-8D1A55356EDB}.Release|x64.Build.0 = Release|x64
		{44088508-4C86-41BE-BEAA-8D1A55356EDB}.Release|x86.ActiveCfg = Release|x86
		{44088508-4C86-41BE-BEAA-8D1A55356EDB}.Release|x86.Build.0 = Release|x86
	EndGlobalSection
EndGlobal
